
Microsoft Visual Studio Solution File, Format Version 12.00
# Visual Studio 14
VisualStudioVersion = 14.0.24720.0
MinimumVisualStudioVersion = 10.0.40219.1
Project("{FAE04EC0-301F-11D3-BF4B-00C04F79EFBC}") = "Time Sense", "Time Sense\Time Sense.csproj", "{B56E38CF-FB9C-4421-BF2D-F15DE40AC75B}"
EndProject
Project("{FAE04EC0-301F-11D3-BF4B-00C04F79EFBC}") = "Database", "Database\Database.csproj", "{C302A903-52FC-4735-92AD-C21E0BE9893E}"
EndProject
Project("{FAE04EC0-301F-11D3-BF4B-00C04F79EFBC}") = "Stuff", "Stuff\Stuff.csproj", "{2789F9E5-66A8-476C-9A4C-B3C41F3C1491}"
EndProject
Project("{FAE04EC0-301F-11D3-BF4B-00C04F79EFBC}") = "Tasks", "Tasks\Tasks.csproj", "{4FE23278-DCE5-42B3-9219-389485E3F5F7}"
EndProject
Global
	GlobalSection(SolutionConfigurationPlatforms) = preSolution
		Debug|Any CPU = Debug|Any CPU
		Debug|ARM = Debug|ARM
		Debug|x64 = Debug|x64
		Debug|x86 = Debug|x86
		Release|Any CPU = Release|Any CPU
		Release|ARM = Release|ARM
		Release|x64 = Release|x64
		Release|x86 = Release|x86
	EndGlobalSection
	GlobalSection(ProjectConfigurationPlatforms) = postSolution
		{B56E38CF-FB9C-4421-BF2D-F15DE40AC75B}.Debug|Any CPU.ActiveCfg = Debug|x86
		{B56E38CF-FB9C-4421-BF2D-F15DE40AC75B}.Debug|ARM.ActiveCfg = Debug|ARM
		{B56E38CF-FB9C-4421-BF2D-F15DE40AC75B}.Debug|ARM.Build.0 = Debug|ARM
		{B56E38CF-FB9C-4421-BF2D-F15DE40AC75B}.Debug|ARM.Deploy.0 = Debug|ARM
		{B56E38CF-FB9C-4421-BF2D-F15DE40AC75B}.Debug|x64.ActiveCfg = Debug|x64
		{B56E38CF-FB9C-4421-BF2D-F15DE40AC75B}.Debug|x64.Build.0 = Debug|x64
		{B56E38CF-FB9C-4421-BF2D-F15DE40AC75B}.Debug|x64.Deploy.0 = Debug|x64
		{B56E38CF-FB9C-4421-BF2D-F15DE40AC75B}.Debug|x86.ActiveCfg = Debug|x86
		{B56E38CF-FB9C-4421-BF2D-F15DE40AC75B}.Debug|x86.Build.0 = Debug|x86
		{B56E38CF-FB9C-4421-BF2D-F15DE40AC75B}.Debug|x86.Deploy.0 = Debug|x86
		{B56E38CF-FB9C-4421-BF2D-F15DE40AC75B}.Release|Any CPU.ActiveCfg = Release|x86
		{B56E38CF-FB9C-4421-BF2D-F15DE40AC75B}.Release|ARM.ActiveCfg = Release|ARM
		{B56E38CF-FB9C-4421-BF2D-F15DE40AC75B}.Release|ARM.Build.0 = Release|ARM
		{B56E38CF-FB9C-4421-BF2D-F15DE40AC75B}.Release|ARM.Deploy.0 = Release|ARM
		{B56E38CF-FB9C-4421-BF2D-F15DE40AC75B}.Release|x64.ActiveCfg = Release|x64
		{B56E38CF-FB9C-4421-BF2D-F15DE40AC75B}.Release|x64.Build.0 = Release|x64
		{B56E38CF-FB9C-4421-BF2D-F15DE40AC75B}.Release|x64.Deploy.0 = Release|x64
		{B56E38CF-FB9C-4421-BF2D-F15DE40AC75B}.Release|x86.ActiveCfg = Release|x86
		{B56E38CF-FB9C-4421-BF2D-F15DE40AC75B}.Release|x86.Build.0 = Release|x86
		{B56E38CF-FB9C-4421-BF2D-F15DE40AC75B}.Release|x86.Deploy.0 = Release|x86
		{C302A903-52FC-4735-92AD-C21E0BE9893E}.Debug|Any CPU.ActiveCfg = Debug|Any CPU
		{C302A903-52FC-4735-92AD-C21E0BE9893E}.Debug|Any CPU.Build.0 = Debug|Any CPU
		{C302A903-52FC-4735-92AD-C21E0BE9893E}.Debug|ARM.ActiveCfg = Debug|ARM
		{C302A903-52FC-4735-92AD-C21E0BE9893E}.Debug|ARM.Build.0 = Debug|ARM
		{C302A903-52FC-4735-92AD-C21E0BE9893E}.Debug|x64.ActiveCfg = Debug|x64
		{C302A903-52FC-4735-92AD-C21E0BE9893E}.Debug|x64.Build.0 = Debug|x64
		{C302A903-52FC-4735-92AD-C21E0BE9893E}.Debug|x86.ActiveCfg = Debug|x86
		{C302A903-52FC-4735-92AD-C21E0BE9893E}.Debug|x86.Build.0 = Debug|x86
		{C302A903-52FC-4735-92AD-C21E0BE9893E}.Release|Any CPU.ActiveCfg = Release|Any CPU
		{C302A903-52FC-4735-92AD-C21E0BE9893E}.Release|Any CPU.Build.0 = Release|Any CPU
		{C302A903-52FC-4735-92AD-C21E0BE9893E}.Release|ARM.ActiveCfg = Release|ARM
		{C302A903-52FC-4735-92AD-C21E0BE9893E}.Release|ARM.Build.0 = Release|ARM
		{C302A903-52FC-4735-92AD-C21E0BE9893E}.Release|x64.ActiveCfg = Release|x64
		{C302A903-52FC-4735-92AD-C21E0BE9893E}.Release|x64.Build.0 = Release|x64
		{C302A903-52FC-4735-92AD-C21E0BE9893E}.Release|x86.ActiveCfg = Release|x86
		{C302A903-52FC-4735-92AD-C21E0BE9893E}.Release|x86.Build.0 = Release|x86
		{2789F9E5-66A8-476C-9A4C-B3C41F3C1491}.Debug|Any CPU.ActiveCfg = Debug|Any CPU
		{2789F9E5-66A8-476C-9A4C-B3C41F3C1491}.Debug|Any CPU.Build.0 = Debug|Any CPU
		{2789F9E5-66A8-476C-9A4C-B3C41F3C1491}.Debug|ARM.ActiveCfg = Debug|ARM
		{2789F9E5-66A8-476C-9A4C-B3C41F3C1491}.Debug|ARM.Build.0 = Debug|ARM
		{2789F9E5-66A8-476C-9A4C-B3C41F3C1491}.Debug|x64.ActiveCfg = Debug|x64
		{2789F9E5-66A8-476C-9A4C-B3C41F3C1491}.Debug|x64.Build.0 = Debug|x64
		{2789F9E5-66A8-476C-9A4C-B3C41F3C1491}.Debug|x86.ActiveCfg = Debug|x86
		{2789F9E5-66A8-476C-9A4C-B3C41F3C1491}.Debug|x86.Build.0 = Debug|x86
		{2789F9E5-66A8-476C-9A4C-B3C41F3C1491}.Release|Any CPU.ActiveCfg = Release|Any CPU
		{2789F9E5-66A8-476C-9A4C-B3C41F3C1491}.Release|Any CPU.Build.0 = Release|Any CPU
		{2789F9E5-66A8-476C-9A4C-B3C41F3C1491}.Release|ARM.ActiveCfg = Release|ARM
		{2789F9E5-66A8-476C-9A4C-B3C41F3C1491}.Release|ARM.Build.0 = Release|ARM
		{2789F9E5-66A8-476C-9A4C-B3C41F3C1491}.Release|x64.ActiveCfg = Release|x64
		{2789F9E5-66A8-476C-9A4C-B3C41F3C1491}.Release|x64.Build.0 = Release|x64
		{2789F9E5-66A8-476C-9A4C-B3C41F3C1491}.Release|x86.ActiveCfg = Release|x86
		{2789F9E5-66A8-476C-9A4C-B3C41F3C1491}.Release|x86.Build.0 = Release|x86
		{4FE23278-DCE5-42B3-9219-389485E3F5F7}.Debug|Any CPU.ActiveCfg = Debug|Any CPU
		{4FE23278-DCE5-42B3-9219-389485E3F5F7}.Debug|Any CPU.Build.0 = Debug|Any CPU
		{4FE23278-DCE5-42B3-9219-389485E3F5F7}.Debug|ARM.ActiveCfg = Debug|ARM
		{4FE23278-DCE5-42B3-9219-389485E3F5F7}.Debug|ARM.Build.0 = Debug|ARM
		{4FE23278-DCE5-42B3-9219-389485E3F5F7}.Debug|x64.ActiveCfg = Debug|x64
		{4FE23278-DCE5-42B3-9219-389485E3F5F7}.Debug|x64.Build.0 = Debug|x64
		{4FE23278-DCE5-42B3-9219-389485E3F5F7}.Debug|x86.ActiveCfg = Debug|x86
		{4FE23278-DCE5-42B3-9219-389485E3F5F7}.Debug|x86.Build.0 = Debug|x86
		{4FE23278-DCE5-42B3-9219-389485E3F5F7}.Release|Any CPU.ActiveCfg = Release|Any CPU
		{4FE23278-DCE5-42B3-9219-389485E3F5F7}.Release|Any CPU.Build.0 = Release|Any CPU
		{4FE23278-DCE5-42B3-9219-389485E3F5F7}.Release|ARM.ActiveCfg = Release|ARM
		{4FE23278-DCE5-42B3-9219-389485E3F5F7}.Release|ARM.Build.0 = Release|ARM
		{4FE23278-DCE5-42B3-9219-389485E3F5F7}.Release|x64.ActiveCfg = Release|x64
		{4FE23278-DCE5-42B3-9219-389485E3F5F7}.Release|x64.Build.0 = Release|x64
		{4FE23278-DCE5-42B3-9219-389485E3F5F7}.Release|x86.ActiveCfg = Release|x86
		{4FE23278-DCE5-42B3-9219-389485E3F5F7}.Release|x86.Build.0 = Release|x86
	EndGlobalSection
	GlobalSection(SolutionProperties) = preSolution
		HideSolutionNode = FALSE
	EndGlobalSection
EndGlobal
